# THIS IS AN AUTOGENERATED FILE. DO NOT EDIT THIS FILE DIRECTLY.
# yarn lockfile v1


"@types/aws-lambda@^8.10.89":
  version "8.10.89"
  resolved "https://registry.yarnpkg.com/@types/aws-lambda/-/aws-lambda-8.10.89.tgz#22617ecc1eef9571abebb50c947553362da6051b"
  integrity sha512-jwtSuEZj4rY4R2pAEOXi+RutS8RWbwMzoGlRVukdyOpnfqA/XPkAf8QoGWmg4o/UaNpQ8Mj0Xhkp5SZ1t/Zq4Q==

"@types/node@^17.0.9":
  version "17.0.9"
  resolved "https://registry.yarnpkg.com/@types/node/-/node-17.0.9.tgz#0b7f161afb5b1cc12518d29b2cdc7175d5490628"
  integrity sha512-5dNBXu/FOER+EXnyah7rn8xlNrfMOQb/qXnw4NQgLkCygKBKhdmF/CA5oXVOKZLBEahw8s2WP9LxIcN/oDDRgQ==

typescript@^4.5.4:
  version "4.5.4"
  resolved "https://registry.yarnpkg.com/typescript/-/typescript-4.5.4.tgz#a17d3a0263bf5c8723b9c52f43c5084edf13c2e8"
  integrity sha512-VgYs2A2QIRuGphtzFV7aQJduJ2gyfTljngLzjpfW9FoYZF6xuw1W0vW9ghCKLfcWrCFxK81CSGRAvS1pn4fIUg==
